
Microsoft Visual Studio Solution File, Format Version 12.00
# Visual Studio Version 17
VisualStudioVersion = 17.5.002.0
MinimumVisualStudioVersion = 10.0.40219.1
Project("{9A19103F-16F7-4668-BE54-9A1E7A4F7556}") = "WebApp1", "WebApp1\WebApp1.csproj", "{35D881A6-0192-4AF3-AF36-DB7F22281433}"
EndProject
Global
	GlobalSection(SolutionConfigurationPlatforms) = preSolution
		Debug|Any CPU = Debug|Any CPU
		Release|Any CPU = Release|Any CPU
	EndGlobalSection
	GlobalSection(ProjectConfigurationPlatforms) = postSolution
		{35D881A6-0192-4AF3-AF36-DB7F22281433}.Debug|Any CPU.ActiveCfg = Debug|Any CPU
		{35D881A6-0192-4AF3-AF36-DB7F22281433}.Debug|Any CPU.Build.0 = Debug|Any CPU
		{35D881A6-0192-4AF3-AF36-DB7F22281433}.Release|Any CPU.ActiveCfg = Release|Any CPU
		{35D881A6-0192-4AF3-AF36-DB7F22281433}.Release|Any CPU.Build.0 = Release|Any CPU
	EndGlobalSection
	GlobalSection(SolutionProperties) = preSolution
		HideSolutionNode = FALSE
	EndGlobalSection
	GlobalSection(ExtensibilityGlobals) = postSolution
		SolutionGuid = {7B80AEE1-830F-4E85-82C9-F04CF6BE00A5}
	EndGlobalSection
EndGlobal
